// !$*UTF8*$!
{
	archiveVersion = 1;
	classes = {
	};
	objectVersion = 56;
	objects = {

/* Begin PBXBuildFile section */
		2C09F9E82AE537BC00E92628 /* ImageCell.swift in Sources */ = {isa = PBXBuildFile; fileRef = 2C09F9E72AE537BC00E92628 /* ImageCell.swift */; };
		2C8066122AE2E56D00A55E19 /* AppDelegate.swift in Sources */ = {isa = PBXBuildFile; fileRef = 2C8066112AE2E56D00A55E19 /* AppDelegate.swift */; };
		2C8066142AE2E56D00A55E19 /* SceneDelegate.swift in Sources */ = {isa = PBXBuildFile; fileRef = 2C8066132AE2E56D00A55E19 /* SceneDelegate.swift */; };
		2C8066162AE2E56D00A55E19 /* ImageCollectionViewController.swift in Sources */ = {isa = PBXBuildFile; fileRef = 2C8066152AE2E56D00A55E19 /* ImageCollectionViewController.swift */; };
		2C8066192AE2E56D00A55E19 /* Main.storyboard in Resources */ = {isa = PBXBuildFile; fileRef = 2C8066172AE2E56D00A55E19 /* Main.storyboard */; };
		2C80661B2AE2E56E00A55E19 /* Assets.xcassets in Resources */ = {isa = PBXBuildFile; fileRef = 2C80661A2AE2E56E00A55E19 /* Assets.xcassets */; };
		2C80661E2AE2E56E00A55E19 /* LaunchScreen.storyboard in Resources */ = {isa = PBXBuildFile; fileRef = 2C80661C2AE2E56E00A55E19 /* LaunchScreen.storyboard */; };
		2CC1F4B12AE675E4008326FE /* Model.swift in Sources */ = {isa = PBXBuildFile; fileRef = 2CC1F4B02AE675E3008326FE /* Model.swift */; };
		2CC1F4B72AE6ACC7008326FE /* ShowImageViewController.swift in Sources */ = {isa = PBXBuildFile; fileRef = 2CC1F4B62AE6ACC7008326FE /* ShowImageViewController.swift */; };
		96F79D9768E2C1B9494E1844 /* Pods_Hackaton.framework in Frameworks */ = {isa = PBXBuildFile; fileRef = F02BBE554921ACCD2B685B02 /* Pods_Hackaton.framework */; };
/* End PBXBuildFile section */

/* Begin PBXFileReference section */
		2C09F9E72AE537BC00E92628 /* ImageCell.swift */ = {isa = PBXFileReference; lastKnownFileType = sourcecode.swift; path = ImageCell.swift; sourceTree = "<group>"; };
		2C80660E2AE2E56D00A55E19 /* Hackaton.app */ = {isa = PBXFileReference; explicitFileType = wrapper.application; includeInIndex = 0; path = Hackaton.app; sourceTree = BUILT_PRODUCTS_DIR; };
		2C8066112AE2E56D00A55E19 /* AppDelegate.swift */ = {isa = PBXFileReference; lastKnownFileType = sourcecode.swift; path = AppDelegate.swift; sourceTree = "<group>"; };
		2C8066132AE2E56D00A55E19 /* SceneDelegate.swift */ = {isa = PBXFileReference; lastKnownFileType = sourcecode.swift; path = SceneDelegate.swift; sourceTree = "<group>"; };
		2C8066152AE2E56D00A55E19 /* ImageCollectionViewController.swift */ = {isa = PBXFileReference; lastKnownFileType = sourcecode.swift; path = ImageCollectionViewController.swift; sourceTree = "<group>"; };
		2C8066182AE2E56D00A55E19 /* Base */ = {isa = PBXFileReference; lastKnownFileType = file.storyboard; name = Base; path = Base.lproj/Main.storyboard; sourceTree = "<group>"; };
		2C80661A2AE2E56E00A55E19 /* Assets.xcassets */ = {isa = PBXFileReference; lastKnownFileType = folder.assetcatalog; path = Assets.xcassets; sourceTree = "<group>"; };
		2C80661D2AE2E56E00A55E19 /* Base */ = {isa = PBXFileReference; lastKnownFileType = file.storyboard; name = Base; path = Base.lproj/LaunchScreen.storyboard; sourceTree = "<group>"; };
		2C80661F2AE2E56E00A55E19 /* Info.plist */ = {isa = PBXFileReference; lastKnownFileType = text.plist.xml; path = Info.plist; sourceTree = "<group>"; };
		2CC1F4B02AE675E3008326FE /* Model.swift */ = {isa = PBXFileReference; lastKnownFileType = sourcecode.swift; path = Model.swift; sourceTree = "<group>"; };
		2CC1F4B62AE6ACC7008326FE /* ShowImageViewController.swift */ = {isa = PBXFileReference; lastKnownFileType = sourcecode.swift; path = ShowImageViewController.swift; sourceTree = "<group>"; };
		568A6E543436A243184F7088 /* Pods-Hackaton.release.xcconfig */ = {isa = PBXFileReference; includeInIndex = 1; lastKnownFileType = text.xcconfig; name = "Pods-Hackaton.release.xcconfig"; path = "Target Support Files/Pods-Hackaton/Pods-Hackaton.release.xcconfig"; sourceTree = "<group>"; };
		7CBAE4A138783DFB6AF89A03 /* Pods-Hackaton.debug.xcconfig */ = {isa = PBXFileReference; includeInIndex = 1; lastKnownFileType = text.xcconfig; name = "Pods-Hackaton.debug.xcconfig"; path = "Target Support Files/Pods-Hackaton/Pods-Hackaton.debug.xcconfig"; sourceTree = "<group>"; };
		F02BBE554921ACCD2B685B02 /* Pods_Hackaton.framework */ = {isa = PBXFileReference; explicitFileType = wrapper.framework; includeInIndex = 0; path = Pods_Hackaton.framework; sourceTree = BUILT_PRODUCTS_DIR; };
/* End PBXFileReference section */

/* Begin PBXFrameworksBuildPhase section */
		2C80660B2AE2E56D00A55E19 /* Frameworks */ = {
			isa = PBXFrameworksBuildPhase;
			buildActionMask = 2147483647;
			files = (
				96F79D9768E2C1B9494E1844 /* Pods_Hackaton.framework in Frameworks */,
			);
			runOnlyForDeploymentPostprocessing = 0;
		};
/* End PBXFrameworksBuildPhase section */

/* Begin PBXGroup section */
		2C8066052AE2E56D00A55E19 = {
			isa = PBXGroup;
			children = (
				2C8066102AE2E56D00A55E19 /* Hackaton */,
				2C80660F2AE2E56D00A55E19 /* Products */,
				9CA3A2105CBCC7BF6E93D6FE /* Pods */,
				96095F1F1E101093BEB43AC4 /* Frameworks */,
			);
			sourceTree = "<group>";
		};
		2C80660F2AE2E56D00A55E19 /* Products */ = {
			isa = PBXGroup;
			children = (
				2C80660E2AE2E56D00A55E19 /* Hackaton.app */,
			);
			name = Products;
			sourceTree = "<group>";
		};
		2C8066102AE2E56D00A55E19 /* Hackaton */ = {
			isa = PBXGroup;
			children = (
				2CC1F4B02AE675E3008326FE /* Model.swift */,
				2CC1F4B22AE68BB2008326FE /* ImageCollection */,
				2CC1F4B52AE6AC78008326FE /* ShowImage */,
				2C8066112AE2E56D00A55E19 /* AppDelegate.swift */,
				2C8066132AE2E56D00A55E19 /* SceneDelegate.swift */,
				2C8066172AE2E56D00A55E19 /* Main.storyboard */,
				2C80661A2AE2E56E00A55E19 /* Assets.xcassets */,
				2C80661C2AE2E56E00A55E19 /* LaunchScreen.storyboard */,
				2C80661F2AE2E56E00A55E19 /* Info.plist */,
			);
			path = Hackaton;
			sourceTree = "<group>";
		};
		2CC1F4B22AE68BB2008326FE /* ImageCollection */ = {
			isa = PBXGroup;
			children = (
				2C8066152AE2E56D00A55E19 /* ImageCollectionViewController.swift */,
				2C09F9E72AE537BC00E92628 /* ImageCell.swift */,
			);
			path = ImageCollection;
			sourceTree = "<group>";
		};
		2CC1F4B52AE6AC78008326FE /* ShowImage */ = {
			isa = PBXGroup;
			children = (
				2CC1F4B62AE6ACC7008326FE /* ShowImageViewController.swift */,
			);
			path = ShowImage;
			sourceTree = "<group>";
		};
		96095F1F1E101093BEB43AC4 /* Frameworks */ = {
			isa = PBXGroup;
			children = (
				F02BBE554921ACCD2B685B02 /* Pods_Hackaton.framework */,
			);
			name = Frameworks;
			sourceTree = "<group>";
		};
		9CA3A2105CBCC7BF6E93D6FE /* Pods */ = {
			isa = PBXGroup;
			children = (
				7CBAE4A138783DFB6AF89A03 /* Pods-Hackaton.debug.xcconfig */,
				568A6E543436A243184F7088 /* Pods-Hackaton.release.xcconfig */,
			);
			path = Pods;
			sourceTree = "<group>";
		};
/* End PBXGroup section */

/* Begin PBXNativeTarget section */
		2C80660D2AE2E56D00A55E19 /* Hackaton */ = {
			isa = PBXNativeTarget;
			buildConfigurationList = 2C8066222AE2E56E00A55E19 /* Build configuration list for PBXNativeTarget "Hackaton" */;
			buildPhases = (
				D7D370591863C6686B4EB17B /* [CP] Check Pods Manifest.lock */,
				2C80660A2AE2E56D00A55E19 /* Sources */,
				2C80660B2AE2E56D00A55E19 /* Frameworks */,
				2C80660C2AE2E56D00A55E19 /* Resources */,
				F407F0A19264323909C14BF7 /* [CP] Embed Pods Frameworks */,
			);
			buildRules = (
			);
			dependencies = (
			);
			name = Hackaton;
			productName = Hackaton;
			productReference = 2C80660E2AE2E56D00A55E19 /* Hackaton.app */;
			productType = "com.apple.product-type.application";
		};
/* End PBXNativeTarget section */

/* Begin PBXProject section */
		2C8066062AE2E56D00A55E19 /* Project object */ = {
			isa = PBXProject;
			attributes = {
				BuildIndependentTargetsInParallel = 1;
				LastSwiftUpdateCheck = 1500;
				LastUpgradeCheck = 1500;
				TargetAttributes = {
					2C80660D2AE2E56D00A55E19 = {
						CreatedOnToolsVersion = 15.0;
					};
				};
			};
			buildConfigurationList = 2C8066092AE2E56D00A55E19 /* Build configuration list for PBXProject "Hackaton" */;
			compatibilityVersion = "Xcode 14.0";
			developmentRegion = en;
			hasScannedForEncodings = 0;
			knownRegions = (
				en,
				Base,
			);
			mainGroup = 2C8066052AE2E56D00A55E19;
			productRefGroup = 2C80660F2AE2E56D00A55E19 /* Products */;
			projectDirPath = "";
			projectRoot = "";
			targets = (
				2C80660D2AE2E56D00A55E19 /* Hackaton */,
			);
		};
/* End PBXProject section */

/* Begin PBXResourcesBuildPhase section */
		2C80660C2AE2E56D00A55E19 /* Resources */ = {
			isa = PBXResourcesBuildPhase;
			buildActionMask = 2147483647;
			files = (
				2C80661E2AE2E56E00A55E19 /* LaunchScreen.storyboard in Resources */,
				2C80661B2AE2E56E00A55E19 /* Assets.xcassets in Resources */,
				2C8066192AE2E56D00A55E19 /* Main.storyboard in Resources */,
			);
			runOnlyForDeploymentPostprocessing = 0;
		};
/* End PBXResourcesBuildPhase section */

/* Begin PBXShellScriptBuildPhase section */
		D7D370591863C6686B4EB17B /* [CP] Check Pods Manifest.lock */ = {
			isa = PBXShellScriptBuildPhase;
			buildActionMask = 2147483647;
			files = (
			);
			inputFileListPaths = (
			);
			inputPaths = (
				"${PODS_PODFILE_DIR_PATH}/Podfile.lock",
				"${PODS_ROOT}/Manifest.lock",
			);
			name = "[CP] Check Pods Manifest.lock";
			outputFileListPaths = (
			);
			outputPaths = (
				"$(DERIVED_FILE_DIR)/Pods-Hackaton-checkManifestLockResult.txt",
			);
			runOnlyForDeploymentPostprocessing = 0;
			shellPath = /bin/sh;
			shellScript = "diff \"${PODS_PODFILE_DIR_PATH}/Podfile.lock\" \"${PODS_ROOT}/Manifest.lock\" > /dev/null\nif [ $? != 0 ] ; then\n    # print error to STDERR\n    echo \"error: The sandbox is not in sync with the Podfile.lock. Run 'pod install' or update your CocoaPods installation.\" >&2\n    exit 1\nfi\n# This output is used by Xcode 'outputs' to avoid re-running this script phase.\necho \"SUCCESS\" > \"${SCRIPT_OUTPUT_FILE_0}\"\n";
			showEnvVarsInLog = 0;
		};
		F407F0A19264323909C14BF7 /* [CP] Embed Pods Frameworks */ = {
			isa = PBXShellScriptBuildPhase;
			buildActionMask = 2147483647;
			files = (
			);
			inputFileListPaths = (
				"${PODS_ROOT}/Target Support Files/Pods-Hackaton/Pods-Hackaton-frameworks-${CONFIGURATION}-input-files.xcfilelist",
			);
			name = "[CP] Embed Pods Frameworks";
			outputFileListPaths = (
				"${PODS_ROOT}/Target Support Files/Pods-Hackaton/Pods-Hackaton-frameworks-${CONFIGURATION}-output-files.xcfilelist",
			);
			runOnlyForDeploymentPostprocessing = 0;
			shellPath = /bin/sh;
			shellScript = "\"${PODS_ROOT}/Target Support Files/Pods-Hackaton/Pods-Hackaton-frameworks.sh\"\n";
			showEnvVarsInLog = 0;
		};
/* End PBXShellScriptBuildPhase section */

/* Begin PBXSourcesBuildPhase section */
		2C80660A2AE2E56D00A55E19 /* Sources */ = {
			isa = PBXSourcesBuildPhase;
			buildActionMask = 2147483647;
			files = (
				2C8066162AE2E56D00A55E19 /* ImageCollectionViewController.swift in Sources */,
				2CC1F4B72AE6ACC7008326FE /* ShowImageViewController.swift in Sources */,
				2C8066122AE2E56D00A55E19 /* AppDelegate.swift in Sources */,
				2CC1F4B12AE675E4008326FE /* Model.swift in Sources */,
				2C09F9E82AE537BC00E92628 /* ImageCell.swift in Sources */,
				2C8066142AE2E56D00A55E19 /* SceneDelegate.swift in Sources */,
			);
			runOnlyForDeploymentPostprocessing = 0;
		};
/* End PBXSourcesBuildPhase section */

/* Begin PBXVariantGroup section */
		2C8066172AE2E56D00A55E19 /* Main.storyboard */ = {
			isa = PBXVariantGroup;
			children = (
				2C8066182AE2E56D00A55E19 /* Base */,
			);
			name = Main.storyboard;
			sourceTree = "<group>";
		};
		2C80661C2AE2E56E00A55E19 /* LaunchScreen.storyboard */ = {
			isa = PBXVariantGroup;
			children = (
				2C80661D2AE2E56E00A55E19 /* Base */,
			);
			name = LaunchScreen.storyboard;
			sourceTree = "<group>";
		};
/* End PBXVariantGroup section */

/* Begin XCBuildConfiguration section */
		2C8066202AE2E56E00A55E19 /* Debug */ = {
			isa = XCBuildConfiguration;
			buildSettings = {
				ALWAYS_SEARCH_USER_PATHS = NO;
				ASSETCATALOG_COMPILER_GENERATE_SWIFT_ASSET_SYMBOL_EXTENSIONS = YES;
				CLANG_ANALYZER_NONNULL = YES;
				CLANG_ANALYZER_NUMBER_OBJECT_CONVERSION = YES_AGGRESSIVE;
				CLANG_CXX_LANGUAGE_STANDARD = "gnu++20";
				CLANG_ENABLE_MODULES = YES;
				CLANG_ENABLE_OBJC_ARC = YES;
				CLANG_ENABLE_OBJC_WEAK = YES;
				CLANG_WARN_BLOCK_CAPTURE_AUTORELEASING = YES;
				CLANG_WARN_BOOL_CONVERSION = YES;
				CLANG_WARN_COMMA = YES;
				CLANG_WARN_CONSTANT_CONVERSION = YES;
				CLANG_WARN_DEPRECATED_OBJC_IMPLEMENTATIONS = YES;
				CLANG_WARN_DIRECT_OBJC_ISA_USAGE = YES_ERROR;
				CLANG_WARN_DOCUMENTATION_COMMENTS = YES;
				CLANG_WARN_EMPTY_BODY = YES;
				CLANG_WARN_ENUM_CONVERSION = YES;
				CLANG_WARN_INFINITE_RECURSION = YES;
				CLANG_WARN_INT_CONVERSION = YES;
				CLANG_WARN_NON_LITERAL_NULL_CONVERSION = YES;
				CLANG_WARN_OBJC_IMPLICIT_RETAIN_SELF = YES;
				CLANG_WARN_OBJC_LITERAL_CONVERSION = YES;
				CLANG_WARN_OBJC_ROOT_CLASS = YES_ERROR;
				CLANG_WARN_QUOTED_INCLUDE_IN_FRAMEWORK_HEADER = YES;
				CLANG_WARN_RANGE_LOOP_ANALYSIS = YES;
				CLANG_WARN_STRICT_PROTOTYPES = YES;
				CLANG_WARN_SUSPICIOUS_MOVE = YES;
				CLANG_WARN_UNGUARDED_AVAILABILITY = YES_AGGRESSIVE;
				CLANG_WARN_UNREACHABLE_CODE = YES;
				CLANG_WARN__DUPLICATE_METHOD_MATCH = YES;
				COPY_PHASE_STRIP = NO;
				DEBUG_INFORMATION_FORMAT = dwarf;
				ENABLE_STRICT_OBJC_MSGSEND = YES;
				ENABLE_TESTABILITY = YES;
				ENABLE_USER_SCRIPT_SANDBOXING = YES;
				GCC_C_LANGUAGE_STANDARD = gnu17;
				GCC_DYNAMIC_NO_PIC = NO;
				GCC_NO_COMMON_BLOCKS = YES;
				GCC_OPTIMIZATION_LEVEL = 0;
				GCC_PREPROCESSOR_DEFINITIONS = (
					"DEBUG=1",
					"$(inherited)",
				);
				GCC_WARN_64_TO_32_BIT_CONVERSION = YES;
				GCC_WARN_ABOUT_RETURN_TYPE = YES_ERROR;
				GCC_WARN_UNDECLARED_SELECTOR = YES;
				GCC_WARN_UNINITIALIZED_AUTOS = YES_AGGRESSIVE;
				GCC_WARN_UNUSED_FUNCTION = YES;
				GCC_WARN_UNUSED_VARIABLE = YES;
				IPHONEOS_DEPLOYMENT_TARGET = 17.0;
				LOCALIZATION_PREFERS_STRING_CATALOGS = YES;
				MTL_ENABLE_DEBUG_INFO = INCLUDE_SOURCE;
				MTL_FAST_MATH = YES;
				ONLY_ACTIVE_ARCH = YES;
				SDKROOT = iphoneos;
				SWIFT_ACTIVE_COMPILATION_CONDITIONS = "DEBUG $(inherited)";
				SWIFT_OPTIMIZATION_LEVEL = "-Onone";
			};
			name = Debug;
		};
		2C8066212AE2E56E00A55E19 /* Release */ = {
			isa = XCBuildConfiguration;
			buildSettings = {
				ALWAYS_SEARCH_USER_PATHS = NO;
				ASSETCATALOG_COMPILER_GENERATE_SWIFT_ASSET_SYMBOL_EXTENSIONS = YES;
				CLANG_ANALYZER_NONNULL = YES;
				CLANG_ANALYZER_NUMBER_OBJECT_CONVERSION = YES_AGGRESSIVE;
				CLANG_CXX_LANGUAGE_STANDARD = "gnu++20";
				CLANG_ENABLE_MODULES = YES;
				CLANG_ENABLE_OBJC_ARC = YES;
				CLANG_ENABLE_OBJC_WEAK = YES;
				CLANG_WARN_BLOCK_CAPTURE_AUTORELEASING = YES;
				CLANG_WARN_BOOL_CONVERSION = YES;
				CLANG_WARN_COMMA = YES;
				CLANG_WARN_CONSTANT_CONVERSION = YES;
				CLANG_WARN_DEPRECATED_OBJC_IMPLEMENTATIONS = YES;
				CLANG_WARN_DIRECT_OBJC_ISA_USAGE = YES_ERROR;
				CLANG_WARN_DOCUMENTATION_COMMENTS = YES;
				CLANG_WARN_EMPTY_BODY = YES;
				CLANG_WARN_ENUM_CONVERSION = YES;
				CLANG_WARN_INFINITE_RECURSION = YES;
				CLANG_WARN_INT_CONVERSION = YES;
				CLANG_WARN_NON_LITERAL_NULL_CONVERSION = YES;
				CLANG_WARN_OBJC_IMPLICIT_RETAIN_SELF = YES;
				CLANG_WARN_OBJC_LITERAL_CONVERSION = YES;
				CLANG_WARN_OBJC_ROOT_CLASS = YES_ERROR;
				CLANG_WARN_QUOTED_INCLUDE_IN_FRAMEWORK_HEADER = YES;
				CLANG_WARN_RANGE_LOOP_ANALYSIS = YES;
				CLANG_WARN_STRICT_PROTOTYPES = YES;
				CLANG_WARN_SUSPICIOUS_MOVE = YES;
				CLANG_WARN_UNGUARDED_AVAILABILITY = YES_AGGRESSIVE;
				CLANG_WARN_UNREACHABLE_CODE = YES;
				CLANG_WARN__DUPLICATE_METHOD_MATCH = YES;
				COPY_PHASE_STRIP = NO;
				DEBUG_INFORMATION_FORMAT = "dwarf-with-dsym";
				ENABLE_NS_ASSERTIONS = NO;
				ENABLE_STRICT_OBJC_MSGSEND = YES;
				ENABLE_USER_SCRIPT_SANDBOXING = YES;
				GCC_C_LANGUAGE_STANDARD = gnu17;
				GCC_NO_COMMON_BLOCKS = YES;
				GCC_WARN_64_TO_32_BIT_CONVERSION = YES;
				GCC_WARN_ABOUT_RETURN_TYPE = YES_ERROR;
				GCC_WARN_UNDECLARED_SELECTOR = YES;
				GCC_WARN_UNINITIALIZED_AUTOS = YES_AGGRESSIVE;
				GCC_WARN_UNUSED_FUNCTION = YES;
				GCC_WARN_UNUSED_VARIABLE = YES;
				IPHONEOS_DEPLOYMENT_TARGET = 17.0;
				LOCALIZATION_PREFERS_STRING_CATALOGS = YES;
				MTL_ENABLE_DEBUG_INFO = NO;
				MTL_FAST_MATH = YES;
				SDKROOT = iphoneos;
				SWIFT_COMPILATION_MODE = wholemodule;
				VALIDATE_PRODUCT = YES;
			};
			name = Release;
		};
		2C8066232AE2E56E00A55E19 /* Debug */ = {
			isa = XCBuildConfiguration;
			baseConfigurationReference = 7CBAE4A138783DFB6AF89A03 /* Pods-Hackaton.debug.xcconfig */;
			buildSettings = {
				ASSETCATALOG_COMPILER_APPICON_NAME = AppIcon;
				ASSETCATALOG_COMPILER_GLOBAL_ACCENT_COLOR_NAME = AccentColor;
				CODE_SIGN_STYLE = Automatic;
				CURRENT_PROJECT_VERSION = 1;
				DEVELOPMENT_TEAM = J5V4FRQ99J;
				ENABLE_USER_SCRIPT_SANDBOXING = NO;
				GENERATE_INFOPLIST_FILE = YES;
				INFOPLIST_FILE = Hackaton/Info.plist;
				INFOPLIST_KEY_UIApplicationSupportsIndirectInputEvents = YES;
				INFOPLIST_KEY_UILaunchStoryboardName = LaunchScreen;
				INFOPLIST_KEY_UIMainStoryboardFile = Main;
				INFOPLIST_KEY_UISupportedInterfaceOrientations_iPad = "UIInterfaceOrientationPortrait UIInterfaceOrientationPortraitUpsideDown UIInterfaceOrientationLandscapeLeft UIInterfaceOrientationLandscapeRight";
				INFOPLIST_KEY_UISupportedInterfaceOrientations_iPhone = "UIInterfaceOrientationPortrait UIInterfaceOrientationLandscapeLeft UIInterfaceOrientationLandscapeRight";
				LD_RUNPATH_SEARCH_PATHS = (
					"$(inherited)",
					"@executable_path/Frameworks",
				);
				MARKETING_VERSION = 1.0;
				PRODUCT_BUNDLE_IDENTIFIER = ru.piv.Hackaton;
				PRODUCT_NAME = "$(TARGET_NAME)";
				SWIFT_EMIT_LOC_STRINGS = YES;
				SWIFT_VERSION = 5.0;
				TARGETED_DEVICE_FAMILY = "1,2";
			};
			name = Debug;
		};
		2C8066242AE2E56E00A55E19 /* Release */ = {
			isa = XCBuildConfiguration;
			baseConfigurationReference = 568A6E543436A243184F7088 /* Pods-Hackaton.release.xcconfig */;
			buildSettings = {
				ASSETCATALOG_COMPILER_APPICON_NAME = AppIcon;
				ASSETCATALOG_COMPILER_GLOBAL_ACCENT_COLOR_NAME = AccentColor;
				CODE_SIGN_STYLE = Automatic;
				CURRENT_PROJECT_VERSION = 1;
				DEVELOPMENT_TEAM = J5V4FRQ99J;
				ENABLE_USER_SCRIPT_SANDBOXING = NO;
				GENERATE_INFOPLIST_FILE = YES;
				INFOPLIST_FILE = Hackaton/Info.plist;
				INFOPLIST_KEY_UIApplicationSupportsIndirectInputEvents = YES;
				INFOPLIST_KEY_UILaunchStoryboardName = LaunchScreen;
				INFOPLIST_KEY_UIMainStoryboardFile = Main;
				INFOPLIST_KEY_UISupportedInterfaceOrientations_iPad = "UIInterfaceOrientationPortrait UIInterfaceOrientationPortraitUpsideDown UIInterfaceOrientationLandscapeLeft UIInterfaceOrientationLandscapeRight";
				INFOPLIST_KEY_UISupportedInterfaceOrientations_iPhone = "UIInterfaceOrientationPortrait UIInterfaceOrientationLandscapeLeft UIInterfaceOrientationLandscapeRight";
				LD_RUNPATH_SEARCH_PATHS = (
					"$(inherited)",
					"@executable_path/Frameworks",
				);
				MARKETING_VERSION = 1.0;
				PRODUCT_BUNDLE_IDENTIFIER = ru.piv.Hackaton;
				PRODUCT_NAME = "$(TARGET_NAME)";
				SWIFT_EMIT_LOC_STRINGS = YES;
				SWIFT_VERSION = 5.0;
				TARGETED_DEVICE_FAMILY = "1,2";
			};
			name = Release;
		};
/* End XCBuildConfiguration section */

/* Begin XCConfigurationList section */
		2C8066092AE2E56D00A55E19 /* Build configuration list for PBXProject "Hackaton" */ = {
			isa = XCConfigurationList;
			buildConfigurations = (
				2C8066202AE2E56E00A55E19 /* Debug */,
				2C8066212AE2E56E00A55E19 /* Release */,
			);
			defaultConfigurationIsVisible = 0;
			defaultConfigurationName = Release;
		};
		2C8066222AE2E56E00A55E19 /* Build configuration list for PBXNativeTarget "Hackaton" */ = {
			isa = XCConfigurationList;
			buildConfigurations = (
				2C8066232AE2E56E00A55E19 /* Debug */,
				2C8066242AE2E56E00A55E19 /* Release */,
			);
			defaultConfigurationIsVisible = 0;
			defaultConfigurationName = Release;
		};
/* End XCConfigurationList section */
	};
	rootObject = 2C8066062AE2E56D00A55E19 /* Project object */;
}
